
Microsoft Visual Studio Solution File, Format Version 12.00
# Visual Studio Version 16
VisualStudioVersion = 16.0.31402.337
MinimumVisualStudioVersion = 10.0.40219.1
Project("{FAE04EC0-301F-11D3-BF4B-00C04F79EFBC}") = "TerminalY", "TerminalY\TerminalY.csproj", "{4D3E0F24-6F1C-4FAD-B686-51C1DDFBD890}"
EndProject
Global
	GlobalSection(SolutionConfigurationPlatforms) = preSolution
		Debug|Any CPU = Debug|Any CPU
		Release|Any CPU = Release|Any CPU
	EndGlobalSection
	GlobalSection(ProjectConfigurationPlatforms) = postSolution
		{4D3E0F24-6F1C-4FAD-B686-51C1DDFBD890}.Debug|Any CPU.ActiveCfg = Debug|Any CPU
		{4D3E0F24-6F1C-4FAD-B686-51C1DDFBD890}.Debug|Any CPU.Build.0 = Debug|Any CPU
		{4D3E0F24-6F1C-4FAD-B686-51C1DDFBD890}.Release|Any CPU.ActiveCfg = Release|Any CPU
		{4D3E0F24-6F1C-4FAD-B686-51C1DDFBD890}.Release|Any CPU.Build.0 = Release|Any CPU
	EndGlobalSection
	GlobalSection(SolutionProperties) = preSolution
		HideSolutionNode = FALSE
	EndGlobalSection
	GlobalSection(ExtensibilityGlobals) = postSolution
		SolutionGuid = {039095C5-82AC-4252-95E3-325D4AF04364}
	EndGlobalSection
EndGlobal
